
Microsoft Visual Studio Solution File, Format Version 11.00
# Visual Studio 2010
Project("{FAE04EC0-301F-11D3-BF4B-00C04F79EFBC}") = "PhotoManager", "PhotoManager\PhotoManager.csproj", "{83CF927F-83AF-495F-8D7B-DC0300787BDD}"
EndProject
Global
	GlobalSection(SolutionConfigurationPlatforms) = preSolution
		Debug|x86 = Debug|x86
		Release|x86 = Release|x86
	EndGlobalSection
	GlobalSection(ProjectConfigurationPlatforms) = postSolution
		{83CF927F-83AF-495F-8D7B-DC0300787BDD}.Debug|x86.ActiveCfg = Debug|x86
		{83CF927F-83AF-495F-8D7B-DC0300787BDD}.Debug|x86.Build.0 = Debug|x86
		{83CF927F-83AF-495F-8D7B-DC0300787BDD}.Release|x86.ActiveCfg = Release|x86
		{83CF927F-83AF-495F-8D7B-DC0300787BDD}.Release|x86.Build.0 = Release|x86
	EndGlobalSection
	GlobalSection(SolutionProperties) = preSolution
		HideSolutionNode = FALSE
	EndGlobalSection
EndGlobal
